// !$*UTF8*$!
{
	archiveVersion = 1;
	classes = {
	};
	objectVersion = 56;
	objects = {

/* Begin PBXBuildFile section */
		B20071A1294281A800C72D05 /* TaskTableViewCell.swift in Sources */ = {isa = PBXBuildFile; fileRef = B200719F294281A800C72D05 /* TaskTableViewCell.swift */; };
		B20071A2294281A800C72D05 /* TaskTableViewCell.xib in Resources */ = {isa = PBXBuildFile; fileRef = B20071A0294281A800C72D05 /* TaskTableViewCell.xib */; };
		B20071A5294285FB00C72D05 /* AddTaskViewController.swift in Sources */ = {isa = PBXBuildFile; fileRef = B20071A4294285FB00C72D05 /* AddTaskViewController.swift */; };
		B20071A82942887E00C72D05 /* Task.swift in Sources */ = {isa = PBXBuildFile; fileRef = B20071A72942887E00C72D05 /* Task.swift */; };
		B26FA9FE29428AD200DF4209 /* RxCocoa in Frameworks */ = {isa = PBXBuildFile; productRef = B26FA9FD29428AD200DF4209 /* RxCocoa */; };
		B26FAA0029428AD200DF4209 /* RxRelay in Frameworks */ = {isa = PBXBuildFile; productRef = B26FA9FF29428AD200DF4209 /* RxRelay */; };
		B26FAA0229428AD200DF4209 /* RxSwift in Frameworks */ = {isa = PBXBuildFile; productRef = B26FAA0129428AD200DF4209 /* RxSwift */; };
		B2ED0FA129427E4B00348BCC /* AppDelegate.swift in Sources */ = {isa = PBXBuildFile; fileRef = B2ED0FA029427E4B00348BCC /* AppDelegate.swift */; };
		B2ED0FA329427E4B00348BCC /* SceneDelegate.swift in Sources */ = {isa = PBXBuildFile; fileRef = B2ED0FA229427E4B00348BCC /* SceneDelegate.swift */; };
		B2ED0FA829427E4B00348BCC /* Main.storyboard in Resources */ = {isa = PBXBuildFile; fileRef = B2ED0FA629427E4B00348BCC /* Main.storyboard */; };
		B2ED0FAA29427E5000348BCC /* Assets.xcassets in Resources */ = {isa = PBXBuildFile; fileRef = B2ED0FA929427E5000348BCC /* Assets.xcassets */; };
		B2ED0FAD29427E5000348BCC /* LaunchScreen.storyboard in Resources */ = {isa = PBXBuildFile; fileRef = B2ED0FAB29427E5000348BCC /* LaunchScreen.storyboard */; };
		B2ED0FB629427E9700348BCC /* TestListViweController.swift in Sources */ = {isa = PBXBuildFile; fileRef = B2ED0FB529427E9700348BCC /* TestListViweController.swift */; };
/* End PBXBuildFile section */

/* Begin PBXFileReference section */
		B200719F294281A800C72D05 /* TaskTableViewCell.swift */ = {isa = PBXFileReference; lastKnownFileType = sourcecode.swift; path = TaskTableViewCell.swift; sourceTree = "<group>"; };
		B20071A0294281A800C72D05 /* TaskTableViewCell.xib */ = {isa = PBXFileReference; lastKnownFileType = file.xib; path = TaskTableViewCell.xib; sourceTree = "<group>"; };
		B20071A4294285FB00C72D05 /* AddTaskViewController.swift */ = {isa = PBXFileReference; lastKnownFileType = sourcecode.swift; path = AddTaskViewController.swift; sourceTree = "<group>"; };
		B20071A72942887E00C72D05 /* Task.swift */ = {isa = PBXFileReference; lastKnownFileType = sourcecode.swift; path = Task.swift; sourceTree = "<group>"; };
		B2ED0F9D29427E4B00348BCC /* GoodTodoList.app */ = {isa = PBXFileReference; explicitFileType = wrapper.application; includeInIndex = 0; path = GoodTodoList.app; sourceTree = BUILT_PRODUCTS_DIR; };
		B2ED0FA029427E4B00348BCC /* AppDelegate.swift */ = {isa = PBXFileReference; lastKnownFileType = sourcecode.swift; path = AppDelegate.swift; sourceTree = "<group>"; };
		B2ED0FA229427E4B00348BCC /* SceneDelegate.swift */ = {isa = PBXFileReference; lastKnownFileType = sourcecode.swift; path = SceneDelegate.swift; sourceTree = "<group>"; };
		B2ED0FA729427E4B00348BCC /* Base */ = {isa = PBXFileReference; lastKnownFileType = file.storyboard; name = Base; path = Base.lproj/Main.storyboard; sourceTree = "<group>"; };
		B2ED0FA929427E5000348BCC /* Assets.xcassets */ = {isa = PBXFileReference; lastKnownFileType = folder.assetcatalog; path = Assets.xcassets; sourceTree = "<group>"; };
		B2ED0FAC29427E5000348BCC /* Base */ = {isa = PBXFileReference; lastKnownFileType = file.storyboard; name = Base; path = Base.lproj/LaunchScreen.storyboard; sourceTree = "<group>"; };
		B2ED0FAE29427E5000348BCC /* Info.plist */ = {isa = PBXFileReference; lastKnownFileType = text.plist.xml; path = Info.plist; sourceTree = "<group>"; };
		B2ED0FB529427E9700348BCC /* TestListViweController.swift */ = {isa = PBXFileReference; lastKnownFileType = sourcecode.swift; path = TestListViweController.swift; sourceTree = "<group>"; };
/* End PBXFileReference section */

/* Begin PBXFrameworksBuildPhase section */
		B2ED0F9A29427E4B00348BCC /* Frameworks */ = {
			isa = PBXFrameworksBuildPhase;
			buildActionMask = 2147483647;
			files = (
				B26FAA0229428AD200DF4209 /* RxSwift in Frameworks */,
				B26FAA0029428AD200DF4209 /* RxRelay in Frameworks */,
				B26FA9FE29428AD200DF4209 /* RxCocoa in Frameworks */,
			);
			runOnlyForDeploymentPostprocessing = 0;
		};
/* End PBXFrameworksBuildPhase section */

/* Begin PBXGroup section */
		B20071A3294281AD00C72D05 /* Cells */ = {
			isa = PBXGroup;
			children = (
				B200719F294281A800C72D05 /* TaskTableViewCell.swift */,
				B20071A0294281A800C72D05 /* TaskTableViewCell.xib */,
			);
			path = Cells;
			sourceTree = "<group>";
		};
		B20071A62942886F00C72D05 /* Models */ = {
			isa = PBXGroup;
			children = (
				B20071A72942887E00C72D05 /* Task.swift */,
			);
			path = Models;
			sourceTree = "<group>";
		};
		B2ED0F9429427E4B00348BCC = {
			isa = PBXGroup;
			children = (
				B2ED0F9F29427E4B00348BCC /* GoodTodoList */,
				B2ED0F9E29427E4B00348BCC /* Products */,
			);
			sourceTree = "<group>";
		};
		B2ED0F9E29427E4B00348BCC /* Products */ = {
			isa = PBXGroup;
			children = (
				B2ED0F9D29427E4B00348BCC /* GoodTodoList.app */,
			);
			name = Products;
			sourceTree = "<group>";
		};
		B2ED0F9F29427E4B00348BCC /* GoodTodoList */ = {
			isa = PBXGroup;
			children = (
				B20071A62942886F00C72D05 /* Models */,
				B2ED0FB429427E6B00348BCC /* Controllers */,
				B20071A3294281AD00C72D05 /* Cells */,
				B2ED0FA029427E4B00348BCC /* AppDelegate.swift */,
				B2ED0FA229427E4B00348BCC /* SceneDelegate.swift */,
				B2ED0FA629427E4B00348BCC /* Main.storyboard */,
				B2ED0FA929427E5000348BCC /* Assets.xcassets */,
				B2ED0FAB29427E5000348BCC /* LaunchScreen.storyboard */,
				B2ED0FAE29427E5000348BCC /* Info.plist */,
			);
			path = GoodTodoList;
			sourceTree = "<group>";
		};
		B2ED0FB429427E6B00348BCC /* Controllers */ = {
			isa = PBXGroup;
			children = (
				B2ED0FB529427E9700348BCC /* TestListViweController.swift */,
				B20071A4294285FB00C72D05 /* AddTaskViewController.swift */,
			);
			path = Controllers;
			sourceTree = "<group>";
		};
/* End PBXGroup section */

/* Begin PBXNativeTarget section */
		B2ED0F9C29427E4B00348BCC /* GoodTodoList */ = {
			isa = PBXNativeTarget;
			buildConfigurationList = B2ED0FB129427E5000348BCC /* Build configuration list for PBXNativeTarget "GoodTodoList" */;
			buildPhases = (
				B2ED0F9929427E4B00348BCC /* Sources */,
				B2ED0F9A29427E4B00348BCC /* Frameworks */,
				B2ED0F9B29427E4B00348BCC /* Resources */,
			);
			buildRules = (
			);
			dependencies = (
			);
			name = GoodTodoList;
			packageProductDependencies = (
				B26FA9FD29428AD200DF4209 /* RxCocoa */,
				B26FA9FF29428AD200DF4209 /* RxRelay */,
				B26FAA0129428AD200DF4209 /* RxSwift */,
			);
			productName = GoodTodoList;
			productReference = B2ED0F9D29427E4B00348BCC /* GoodTodoList.app */;
			productType = "com.apple.product-type.application";
		};
/* End PBXNativeTarget section */

/* Begin PBXProject section */
		B2ED0F9529427E4B00348BCC /* Project object */ = {
			isa = PBXProject;
			attributes = {
				BuildIndependentTargetsInParallel = 1;
				LastSwiftUpdateCheck = 1410;
				LastUpgradeCheck = 1410;
				TargetAttributes = {
					B2ED0F9C29427E4B00348BCC = {
						CreatedOnToolsVersion = 14.1;
					};
				};
			};
			buildConfigurationList = B2ED0F9829427E4B00348BCC /* Build configuration list for PBXProject "GoodTodoList" */;
			compatibilityVersion = "Xcode 14.0";
			developmentRegion = en;
			hasScannedForEncodings = 0;
			knownRegions = (
				en,
				Base,
			);
			mainGroup = B2ED0F9429427E4B00348BCC;
			packageReferences = (
				B26FA9FC29428AD200DF4209 /* XCRemoteSwiftPackageReference "RxSwift" */,
			);
			productRefGroup = B2ED0F9E29427E4B00348BCC /* Products */;
			projectDirPath = "";
			projectRoot = "";
			targets = (
				B2ED0F9C29427E4B00348BCC /* GoodTodoList */,
			);
		};
/* End PBXProject section */

/* Begin PBXResourcesBuildPhase section */
		B2ED0F9B29427E4B00348BCC /* Resources */ = {
			isa = PBXResourcesBuildPhase;
			buildActionMask = 2147483647;
			files = (
				B20071A2294281A800C72D05 /* TaskTableViewCell.xib in Resources */,
				B2ED0FAD29427E5000348BCC /* LaunchScreen.storyboard in Resources */,
				B2ED0FAA29427E5000348BCC /* Assets.xcassets in Resources */,
				B2ED0FA829427E4B00348BCC /* Main.storyboard in Resources */,
			);
			runOnlyForDeploymentPostprocessing = 0;
		};
/* End PBXResourcesBuildPhase section */

/* Begin PBXSourcesBuildPhase section */
		B2ED0F9929427E4B00348BCC /* Sources */ = {
			isa = PBXSourcesBuildPhase;
			buildActionMask = 2147483647;
			files = (
				B20071A1294281A800C72D05 /* TaskTableViewCell.swift in Sources */,
				B2ED0FA129427E4B00348BCC /* AppDelegate.swift in Sources */,
				B2ED0FA329427E4B00348BCC /* SceneDelegate.swift in Sources */,
				B2ED0FB629427E9700348BCC /* TestListViweController.swift in Sources */,
				B20071A82942887E00C72D05 /* Task.swift in Sources */,
				B20071A5294285FB00C72D05 /* AddTaskViewController.swift in Sources */,
			);
			runOnlyForDeploymentPostprocessing = 0;
		};
/* End PBXSourcesBuildPhase section */

/* Begin PBXVariantGroup section */
		B2ED0FA629427E4B00348BCC /* Main.storyboard */ = {
			isa = PBXVariantGroup;
			children = (
				B2ED0FA729427E4B00348BCC /* Base */,
			);
			name = Main.storyboard;
			sourceTree = "<group>";
		};
		B2ED0FAB29427E5000348BCC /* LaunchScreen.storyboard */ = {
			isa = PBXVariantGroup;
			children = (
				B2ED0FAC29427E5000348BCC /* Base */,
			);
			name = LaunchScreen.storyboard;
			sourceTree = "<group>";
		};
/* End PBXVariantGroup section */

/* Begin XCBuildConfiguration section */
		B2ED0FAF29427E5000348BCC /* Debug */ = {
			isa = XCBuildConfiguration;
			buildSettings = {
				ALWAYS_SEARCH_USER_PATHS = NO;
				CLANG_ANALYZER_NONNULL = YES;
				CLANG_ANALYZER_NUMBER_OBJECT_CONVERSION = YES_AGGRESSIVE;
				CLANG_CXX_LANGUAGE_STANDARD = "gnu++20";
				CLANG_ENABLE_MODULES = YES;
				CLANG_ENABLE_OBJC_ARC = YES;
				CLANG_ENABLE_OBJC_WEAK = YES;
				CLANG_WARN_BLOCK_CAPTURE_AUTORELEASING = YES;
				CLANG_WARN_BOOL_CONVERSION = YES;
				CLANG_WARN_COMMA = YES;
				CLANG_WARN_CONSTANT_CONVERSION = YES;
				CLANG_WARN_DEPRECATED_OBJC_IMPLEMENTATIONS = YES;
				CLANG_WARN_DIRECT_OBJC_ISA_USAGE = YES_ERROR;
				CLANG_WARN_DOCUMENTATION_COMMENTS = YES;
				CLANG_WARN_EMPTY_BODY = YES;
				CLANG_WARN_ENUM_CONVERSION = YES;
				CLANG_WARN_INFINITE_RECURSION = YES;
				CLANG_WARN_INT_CONVERSION = YES;
				CLANG_WARN_NON_LITERAL_NULL_CONVERSION = YES;
				CLANG_WARN_OBJC_IMPLICIT_RETAIN_SELF = YES;
				CLANG_WARN_OBJC_LITERAL_CONVERSION = YES;
				CLANG_WARN_OBJC_ROOT_CLASS = YES_ERROR;
				CLANG_WARN_QUOTED_INCLUDE_IN_FRAMEWORK_HEADER = YES;
				CLANG_WARN_RANGE_LOOP_ANALYSIS = YES;
				CLANG_WARN_STRICT_PROTOTYPES = YES;
				CLANG_WARN_SUSPICIOUS_MOVE = YES;
				CLANG_WARN_UNGUARDED_AVAILABILITY = YES_AGGRESSIVE;
				CLANG_WARN_UNREACHABLE_CODE = YES;
				CLANG_WARN__DUPLICATE_METHOD_MATCH = YES;
				COPY_PHASE_STRIP = NO;
				DEBUG_INFORMATION_FORMAT = dwarf;
				ENABLE_STRICT_OBJC_MSGSEND = YES;
				ENABLE_TESTABILITY = YES;
				GCC_C_LANGUAGE_STANDARD = gnu11;
				GCC_DYNAMIC_NO_PIC = NO;
				GCC_NO_COMMON_BLOCKS = YES;
				GCC_OPTIMIZATION_LEVEL = 0;
				GCC_PREPROCESSOR_DEFINITIONS = (
					"DEBUG=1",
					"$(inherited)",
				);
				GCC_WARN_64_TO_32_BIT_CONVERSION = YES;
				GCC_WARN_ABOUT_RETURN_TYPE = YES_ERROR;
				GCC_WARN_UNDECLARED_SELECTOR = YES;
				GCC_WARN_UNINITIALIZED_AUTOS = YES_AGGRESSIVE;
				GCC_WARN_UNUSED_FUNCTION = YES;
				GCC_WARN_UNUSED_VARIABLE = YES;
				IPHONEOS_DEPLOYMENT_TARGET = 16.1;
				MTL_ENABLE_DEBUG_INFO = INCLUDE_SOURCE;
				MTL_FAST_MATH = YES;
				ONLY_ACTIVE_ARCH = YES;
				SDKROOT = iphoneos;
				SWIFT_ACTIVE_COMPILATION_CONDITIONS = DEBUG;
				SWIFT_OPTIMIZATION_LEVEL = "-Onone";
			};
			name = Debug;
		};
		B2ED0FB029427E5000348BCC /* Release */ = {
			isa = XCBuildConfiguration;
			buildSettings = {
				ALWAYS_SEARCH_USER_PATHS = NO;
				CLANG_ANALYZER_NONNULL = YES;
				CLANG_ANALYZER_NUMBER_OBJECT_CONVERSION = YES_AGGRESSIVE;
				CLANG_CXX_LANGUAGE_STANDARD = "gnu++20";
				CLANG_ENABLE_MODULES = YES;
				CLANG_ENABLE_OBJC_ARC = YES;
				CLANG_ENABLE_OBJC_WEAK = YES;
				CLANG_WARN_BLOCK_CAPTURE_AUTORELEASING = YES;
				CLANG_WARN_BOOL_CONVERSION = YES;
				CLANG_WARN_COMMA = YES;
				CLANG_WARN_CONSTANT_CONVERSION = YES;
				CLANG_WARN_DEPRECATED_OBJC_IMPLEMENTATIONS = YES;
				CLANG_WARN_DIRECT_OBJC_ISA_USAGE = YES_ERROR;
				CLANG_WARN_DOCUMENTATION_COMMENTS = YES;
				CLANG_WARN_EMPTY_BODY = YES;
				CLANG_WARN_ENUM_CONVERSION = YES;
				CLANG_WARN_INFINITE_RECURSION = YES;
				CLANG_WARN_INT_CONVERSION = YES;
				CLANG_WARN_NON_LITERAL_NULL_CONVERSION = YES;
				CLANG_WARN_OBJC_IMPLICIT_RETAIN_SELF = YES;
				CLANG_WARN_OBJC_LITERAL_CONVERSION = YES;
				CLANG_WARN_OBJC_ROOT_CLASS = YES_ERROR;
				CLANG_WARN_QUOTED_INCLUDE_IN_FRAMEWORK_HEADER = YES;
				CLANG_WARN_RANGE_LOOP_ANALYSIS = YES;
				CLANG_WARN_STRICT_PROTOTYPES = YES;
				CLANG_WARN_SUSPICIOUS_MOVE = YES;
				CLANG_WARN_UNGUARDED_AVAILABILITY = YES_AGGRESSIVE;
				CLANG_WARN_UNREACHABLE_CODE = YES;
				CLANG_WARN__DUPLICATE_METHOD_MATCH = YES;
				COPY_PHASE_STRIP = NO;
				DEBUG_INFORMATION_FORMAT = "dwarf-with-dsym";
				ENABLE_NS_ASSERTIONS = NO;
				ENABLE_STRICT_OBJC_MSGSEND = YES;
				GCC_C_LANGUAGE_STANDARD = gnu11;
				GCC_NO_COMMON_BLOCKS = YES;
				GCC_WARN_64_TO_32_BIT_CONVERSION = YES;
				GCC_WARN_ABOUT_RETURN_TYPE = YES_ERROR;
				GCC_WARN_UNDECLARED_SELECTOR = YES;
				GCC_WARN_UNINITIALIZED_AUTOS = YES_AGGRESSIVE;
				GCC_WARN_UNUSED_FUNCTION = YES;
				GCC_WARN_UNUSED_VARIABLE = YES;
				IPHONEOS_DEPLOYMENT_TARGET = 16.1;
				MTL_ENABLE_DEBUG_INFO = NO;
				MTL_FAST_MATH = YES;
				SDKROOT = iphoneos;
				SWIFT_COMPILATION_MODE = wholemodule;
				SWIFT_OPTIMIZATION_LEVEL = "-O";
				VALIDATE_PRODUCT = YES;
			};
			name = Release;
		};
		B2ED0FB229427E5000348BCC /* Debug */ = {
			isa = XCBuildConfiguration;
			buildSettings = {
				ASSETCATALOG_COMPILER_APPICON_NAME = AppIcon;
				ASSETCATALOG_COMPILER_GLOBAL_ACCENT_COLOR_NAME = AccentColor;
				CODE_SIGN_STYLE = Automatic;
				CURRENT_PROJECT_VERSION = 1;
				DEVELOPMENT_TEAM = 44MZ84GM49;
				GENERATE_INFOPLIST_FILE = YES;
				INFOPLIST_FILE = GoodTodoList/Info.plist;
				INFOPLIST_KEY_UIApplicationSupportsIndirectInputEvents = YES;
				INFOPLIST_KEY_UILaunchStoryboardName = LaunchScreen;
				INFOPLIST_KEY_UIMainStoryboardFile = Main;
				INFOPLIST_KEY_UISupportedInterfaceOrientations_iPad = "UIInterfaceOrientationPortrait UIInterfaceOrientationPortraitUpsideDown UIInterfaceOrientationLandscapeLeft UIInterfaceOrientationLandscapeRight";
				INFOPLIST_KEY_UISupportedInterfaceOrientations_iPhone = "UIInterfaceOrientationPortrait UIInterfaceOrientationLandscapeLeft UIInterfaceOrientationLandscapeRight";
				LD_RUNPATH_SEARCH_PATHS = (
					"$(inherited)",
					"@executable_path/Frameworks",
				);
				MARKETING_VERSION = 1.0;
				PRODUCT_BUNDLE_IDENTIFIER = com.mehmetcansimsek.GoodTodoList;
				PRODUCT_NAME = "$(TARGET_NAME)";
				SWIFT_EMIT_LOC_STRINGS = YES;
				SWIFT_VERSION = 5.0;
				TARGETED_DEVICE_FAMILY = "1,2";
			};
			name = Debug;
		};
		B2ED0FB329427E5000348BCC /* Release */ = {
			isa = XCBuildConfiguration;
			buildSettings = {
				ASSETCATALOG_COMPILER_APPICON_NAME = AppIcon;
				ASSETCATALOG_COMPILER_GLOBAL_ACCENT_COLOR_NAME = AccentColor;
				CODE_SIGN_STYLE = Automatic;
				CURRENT_PROJECT_VERSION = 1;
				DEVELOPMENT_TEAM = 44MZ84GM49;
				GENERATE_INFOPLIST_FILE = YES;
				INFOPLIST_FILE = GoodTodoList/Info.plist;
				INFOPLIST_KEY_UIApplicationSupportsIndirectInputEvents = YES;
				INFOPLIST_KEY_UILaunchStoryboardName = LaunchScreen;
				INFOPLIST_KEY_UIMainStoryboardFile = Main;
				INFOPLIST_KEY_UISupportedInterfaceOrientations_iPad = "UIInterfaceOrientationPortrait UIInterfaceOrientationPortraitUpsideDown UIInterfaceOrientationLandscapeLeft UIInterfaceOrientationLandscapeRight";
				INFOPLIST_KEY_UISupportedInterfaceOrientations_iPhone = "UIInterfaceOrientationPortrait UIInterfaceOrientationLandscapeLeft UIInterfaceOrientationLandscapeRight";
				LD_RUNPATH_SEARCH_PATHS = (
					"$(inherited)",
					"@executable_path/Frameworks",
				);
				MARKETING_VERSION = 1.0;
				PRODUCT_BUNDLE_IDENTIFIER = com.mehmetcansimsek.GoodTodoList;
				PRODUCT_NAME = "$(TARGET_NAME)";
				SWIFT_EMIT_LOC_STRINGS = YES;
				SWIFT_VERSION = 5.0;
				TARGETED_DEVICE_FAMILY = "1,2";
			};
			name = Release;
		};
/* End XCBuildConfiguration section */

/* Begin XCConfigurationList section */
		B2ED0F9829427E4B00348BCC /* Build configuration list for PBXProject "GoodTodoList" */ = {
			isa = XCConfigurationList;
			buildConfigurations = (
				B2ED0FAF29427E5000348BCC /* Debug */,
				B2ED0FB029427E5000348BCC /* Release */,
			);
			defaultConfigurationIsVisible = 0;
			defaultConfigurationName = Release;
		};
		B2ED0FB129427E5000348BCC /* Build configuration list for PBXNativeTarget "GoodTodoList" */ = {
			isa = XCConfigurationList;
			buildConfigurations = (
				B2ED0FB229427E5000348BCC /* Debug */,
				B2ED0FB329427E5000348BCC /* Release */,
			);
			defaultConfigurationIsVisible = 0;
			defaultConfigurationName = Release;
		};
/* End XCConfigurationList section */

/* Begin XCRemoteSwiftPackageReference section */
		B26FA9FC29428AD200DF4209 /* XCRemoteSwiftPackageReference "RxSwift" */ = {
			isa = XCRemoteSwiftPackageReference;
			repositoryURL = "https://github.com/ReactiveX/RxSwift";
			requirement = {
				branch = main;
				kind = branch;
			};
		};
/* End XCRemoteSwiftPackageReference section */

/* Begin XCSwiftPackageProductDependency section */
		B26FA9FD29428AD200DF4209 /* RxCocoa */ = {
			isa = XCSwiftPackageProductDependency;
			package = B26FA9FC29428AD200DF4209 /* XCRemoteSwiftPackageReference "RxSwift" */;
			productName = RxCocoa;
		};
		B26FA9FF29428AD200DF4209 /* RxRelay */ = {
			isa = XCSwiftPackageProductDependency;
			package = B26FA9FC29428AD200DF4209 /* XCRemoteSwiftPackageReference "RxSwift" */;
			productName = RxRelay;
		};
		B26FAA0129428AD200DF4209 /* RxSwift */ = {
			isa = XCSwiftPackageProductDependency;
			package = B26FA9FC29428AD200DF4209 /* XCRemoteSwiftPackageReference "RxSwift" */;
			productName = RxSwift;
		};
/* End XCSwiftPackageProductDependency section */
	};
	rootObject = B2ED0F9529427E4B00348BCC /* Project object */;
}
